// !$*UTF8*$!
{
	archiveVersion = 1;
	classes = {
	};
	objectVersion = 46;
	objects = {

/* Begin PBXBuildFile section */
		B918F16C1C5F6040008712C1 /* AppDelegate.swift in Sources */ = {isa = PBXBuildFile; fileRef = B918F16B1C5F6040008712C1 /* AppDelegate.swift */; };
		B918F1711C5F6040008712C1 /* Main.storyboard in Resources */ = {isa = PBXBuildFile; fileRef = B918F16F1C5F6040008712C1 /* Main.storyboard */; };
		B918F1731C5F6040008712C1 /* Assets.xcassets in Resources */ = {isa = PBXBuildFile; fileRef = B918F1721C5F6040008712C1 /* Assets.xcassets */; };
		B918F1761C5F6040008712C1 /* LaunchScreen.storyboard in Resources */ = {isa = PBXBuildFile; fileRef = B918F1741C5F6040008712C1 /* LaunchScreen.storyboard */; };
		B918F17E1C5F6AD9008712C1 /* AllJotsController.swift in Sources */ = {isa = PBXBuildFile; fileRef = B918F17D1C5F6AD9008712C1 /* AllJotsController.swift */; };
		B918F1821C5F6BF2008712C1 /* NewJotController.swift in Sources */ = {isa = PBXBuildFile; fileRef = B918F1811C5F6BF2008712C1 /* NewJotController.swift */; };
		B918F1841C627550008712C1 /* JotTableViewCell.swift in Sources */ = {isa = PBXBuildFile; fileRef = B918F1831C627550008712C1 /* JotTableViewCell.swift */; };
		B918F1861C6275F1008712C1 /* Jot.swift in Sources */ = {isa = PBXBuildFile; fileRef = B918F1851C6275F1008712C1 /* Jot.swift */; };
		B990A66B1C6799EA00ECEBDD /* JotInputCell.swift in Sources */ = {isa = PBXBuildFile; fileRef = B990A66A1C6799EA00ECEBDD /* JotInputCell.swift */; };
		B9CCB6E71C6796F1009B1648 /* JotInputCell.xib in Resources */ = {isa = PBXBuildFile; fileRef = B9CCB6E61C6796F1009B1648 /* JotInputCell.xib */; };
		B9D723581C7AEF6000B99BAE /* SectionDict.swift in Sources */ = {isa = PBXBuildFile; fileRef = B9D723571C7AEF6000B99BAE /* SectionDict.swift */; };
/* End PBXBuildFile section */

/* Begin PBXFileReference section */
		B918F1681C5F6040008712C1 /* Jot It Down.app */ = {isa = PBXFileReference; explicitFileType = wrapper.application; includeInIndex = 0; path = "Jot It Down.app"; sourceTree = BUILT_PRODUCTS_DIR; };
		B918F16B1C5F6040008712C1 /* AppDelegate.swift */ = {isa = PBXFileReference; lastKnownFileType = sourcecode.swift; path = AppDelegate.swift; sourceTree = "<group>"; };
		B918F1701C5F6040008712C1 /* Base */ = {isa = PBXFileReference; lastKnownFileType = file.storyboard; name = Base; path = Base.lproj/Main.storyboard; sourceTree = "<group>"; };
		B918F1721C5F6040008712C1 /* Assets.xcassets */ = {isa = PBXFileReference; lastKnownFileType = folder.assetcatalog; path = Assets.xcassets; sourceTree = "<group>"; };
		B918F1751C5F6040008712C1 /* Base */ = {isa = PBXFileReference; lastKnownFileType = file.storyboard; name = Base; path = Base.lproj/LaunchScreen.storyboard; sourceTree = "<group>"; };
		B918F1771C5F6040008712C1 /* Info.plist */ = {isa = PBXFileReference; lastKnownFileType = text.plist.xml; path = Info.plist; sourceTree = "<group>"; };
		B918F17D1C5F6AD9008712C1 /* AllJotsController.swift */ = {isa = PBXFileReference; fileEncoding = 4; indentWidth = 3; lastKnownFileType = sourcecode.swift; name = AllJotsController.swift; path = ../AllJotsController.swift; sourceTree = "<group>"; };
		B918F1811C5F6BF2008712C1 /* NewJotController.swift */ = {isa = PBXFileReference; fileEncoding = 4; lastKnownFileType = sourcecode.swift; path = NewJotController.swift; sourceTree = "<group>"; };
		B918F1831C627550008712C1 /* JotTableViewCell.swift */ = {isa = PBXFileReference; fileEncoding = 4; lastKnownFileType = sourcecode.swift; path = JotTableViewCell.swift; sourceTree = "<group>"; };
		B918F1851C6275F1008712C1 /* Jot.swift */ = {isa = PBXFileReference; fileEncoding = 4; lastKnownFileType = sourcecode.swift; path = Jot.swift; sourceTree = "<group>"; };
		B990A66A1C6799EA00ECEBDD /* JotInputCell.swift */ = {isa = PBXFileReference; fileEncoding = 4; lastKnownFileType = sourcecode.swift; path = JotInputCell.swift; sourceTree = "<group>"; };
		B9CCB6E61C6796F1009B1648 /* JotInputCell.xib */ = {isa = PBXFileReference; fileEncoding = 4; lastKnownFileType = file.xib; path = JotInputCell.xib; sourceTree = "<group>"; };
		B9D723571C7AEF6000B99BAE /* SectionDict.swift */ = {isa = PBXFileReference; fileEncoding = 4; lastKnownFileType = sourcecode.swift; path = SectionDict.swift; sourceTree = "<group>"; };
/* End PBXFileReference section */

/* Begin PBXFrameworksBuildPhase section */
		B918F1651C5F6040008712C1 /* Frameworks */ = {
			isa = PBXFrameworksBuildPhase;
			buildActionMask = 2147483647;
			files = (
			);
			runOnlyForDeploymentPostprocessing = 0;
		};
/* End PBXFrameworksBuildPhase section */

/* Begin PBXGroup section */
		B918F15F1C5F6040008712C1 = {
			isa = PBXGroup;
			children = (
				B918F16A1C5F6040008712C1 /* Jot It Down */,
			);
			sourceTree = "<group>";
		};
		B918F1691C5F6040008712C1 /* Products */ = {
			isa = PBXGroup;
			children = (
				B918F1681C5F6040008712C1 /* Jot It Down.app */,
			);
			name = Products;
			path = ..;
			sourceTree = "<group>";
		};
		B918F16A1C5F6040008712C1 /* Jot It Down */ = {
			isa = PBXGroup;
			children = (
				B918F1851C6275F1008712C1 /* Jot.swift */,
				B9D723571C7AEF6000B99BAE /* SectionDict.swift */,
				B918F16B1C5F6040008712C1 /* AppDelegate.swift */,
				B918F1811C5F6BF2008712C1 /* NewJotController.swift */,
				B918F17D1C5F6AD9008712C1 /* AllJotsController.swift */,
				B990A66A1C6799EA00ECEBDD /* JotInputCell.swift */,
				B918F1831C627550008712C1 /* JotTableViewCell.swift */,
				B918F16F1C5F6040008712C1 /* Main.storyboard */,
				B9CCB6E61C6796F1009B1648 /* JotInputCell.xib */,
				B918F1721C5F6040008712C1 /* Assets.xcassets */,
				B918F1741C5F6040008712C1 /* LaunchScreen.storyboard */,
				B918F1771C5F6040008712C1 /* Info.plist */,
				B918F1691C5F6040008712C1 /* Products */,
			);
			path = "Jot It Down";
			sourceTree = "<group>";
		};
/* End PBXGroup section */

/* Begin PBXNativeTarget section */
		B918F1671C5F6040008712C1 /* Jot It Down */ = {
			isa = PBXNativeTarget;
			buildConfigurationList = B918F17A1C5F6040008712C1 /* Build configuration list for PBXNativeTarget "Jot It Down" */;
			buildPhases = (
				B918F1641C5F6040008712C1 /* Sources */,
				B918F1651C5F6040008712C1 /* Frameworks */,
				B918F1661C5F6040008712C1 /* Resources */,
			);
			buildRules = (
			);
			dependencies = (
			);
			name = "Jot It Down";
			productName = "Jot It Down";
			productReference = B918F1681C5F6040008712C1 /* Jot It Down.app */;
			productType = "com.apple.product-type.application";
		};
/* End PBXNativeTarget section */

/* Begin PBXProject section */
		B918F1601C5F6040008712C1 /* Project object */ = {
			isa = PBXProject;
			attributes = {
				LastSwiftUpdateCheck = 0720;
				LastUpgradeCheck = 0720;
				ORGANIZATIONNAME = PaPaPanda;
				TargetAttributes = {
					B918F1671C5F6040008712C1 = {
						CreatedOnToolsVersion = 7.2;
						DevelopmentTeam = M86ETMAAWA;
					};
				};
			};
			buildConfigurationList = B918F1631C5F6040008712C1 /* Build configuration list for PBXProject "Jot It Down" */;
			compatibilityVersion = "Xcode 3.2";
			developmentRegion = English;
			hasScannedForEncodings = 0;
			knownRegions = (
				en,
				Base,
			);
			mainGroup = B918F15F1C5F6040008712C1;
			productRefGroup = B918F1691C5F6040008712C1 /* Products */;
			projectDirPath = "";
			projectRoot = "";
			targets = (
				B918F1671C5F6040008712C1 /* Jot It Down */,
			);
		};
/* End PBXProject section */

/* Begin PBXResourcesBuildPhase section */
		B918F1661C5F6040008712C1 /* Resources */ = {
			isa = PBXResourcesBuildPhase;
			buildActionMask = 2147483647;
			files = (
				B918F1761C5F6040008712C1 /* LaunchScreen.storyboard in Resources */,
				B918F1731C5F6040008712C1 /* Assets.xcassets in Resources */,
				B9CCB6E71C6796F1009B1648 /* JotInputCell.xib in Resources */,
				B918F1711C5F6040008712C1 /* Main.storyboard in Resources */,
			);
			runOnlyForDeploymentPostprocessing = 0;
		};
/* End PBXResourcesBuildPhase section */

/* Begin PBXSourcesBuildPhase section */
		B918F1641C5F6040008712C1 /* Sources */ = {
			isa = PBXSourcesBuildPhase;
			buildActionMask = 2147483647;
			files = (
				B990A66B1C6799EA00ECEBDD /* JotInputCell.swift in Sources */,
				B918F16C1C5F6040008712C1 /* AppDelegate.swift in Sources */,
				B918F1841C627550008712C1 /* JotTableViewCell.swift in Sources */,
				B918F1821C5F6BF2008712C1 /* NewJotController.swift in Sources */,
				B918F17E1C5F6AD9008712C1 /* AllJotsController.swift in Sources */,
				B918F1861C6275F1008712C1 /* Jot.swift in Sources */,
				B9D723581C7AEF6000B99BAE /* SectionDict.swift in Sources */,
			);
			runOnlyForDeploymentPostprocessing = 0;
		};
/* End PBXSourcesBuildPhase section */

/* Begin PBXVariantGroup section */
		B918F16F1C5F6040008712C1 /* Main.storyboard */ = {
			isa = PBXVariantGroup;
			children = (
				B918F1701C5F6040008712C1 /* Base */,
			);
			name = Main.storyboard;
			sourceTree = "<group>";
		};
		B918F1741C5F6040008712C1 /* LaunchScreen.storyboard */ = {
			isa = PBXVariantGroup;
			children = (
				B918F1751C5F6040008712C1 /* Base */,
			);
			name = LaunchScreen.storyboard;
			sourceTree = "<group>";
		};
/* End PBXVariantGroup section */

/* Begin XCBuildConfiguration section */
		B918F1781C5F6040008712C1 /* Debug */ = {
			isa = XCBuildConfiguration;
			buildSettings = {
				ALWAYS_SEARCH_USER_PATHS = NO;
				CLANG_CXX_LANGUAGE_STANDARD = "gnu++0x";
				CLANG_CXX_LIBRARY = "libc++";
				CLANG_ENABLE_MODULES = YES;
				CLANG_ENABLE_OBJC_ARC = YES;
				CLANG_WARN_BOOL_CONVERSION = YES;
				CLANG_WARN_CONSTANT_CONVERSION = YES;
				CLANG_WARN_DIRECT_OBJC_ISA_USAGE = YES_ERROR;
				CLANG_WARN_EMPTY_BODY = YES;
				CLANG_WARN_ENUM_CONVERSION = YES;
				CLANG_WARN_INT_CONVERSION = YES;
				CLANG_WARN_OBJC_ROOT_CLASS = YES_ERROR;
				CLANG_WARN_UNREACHABLE_CODE = YES;
				CLANG_WARN__DUPLICATE_METHOD_MATCH = YES;
				"CODE_SIGN_IDENTITY[sdk=iphoneos*]" = "iPhone Developer";
				COPY_PHASE_STRIP = NO;
				DEBUG_INFORMATION_FORMAT = dwarf;
				ENABLE_STRICT_OBJC_MSGSEND = YES;
				ENABLE_TESTABILITY = YES;
				GCC_C_LANGUAGE_STANDARD = gnu99;
				GCC_DYNAMIC_NO_PIC = NO;
				GCC_NO_COMMON_BLOCKS = YES;
				GCC_OPTIMIZATION_LEVEL = 0;
				GCC_PREPROCESSOR_DEFINITIONS = (
					"DEBUG=1",
					"$(inherited)",
				);
				GCC_WARN_64_TO_32_BIT_CONVERSION = YES;
				GCC_WARN_ABOUT_RETURN_TYPE = YES_ERROR;
				GCC_WARN_UNDECLARED_SELECTOR = YES;
				GCC_WARN_UNINITIALIZED_AUTOS = YES_AGGRESSIVE;
				GCC_WARN_UNUSED_FUNCTION = YES;
				GCC_WARN_UNUSED_VARIABLE = YES;
				IPHONEOS_DEPLOYMENT_TARGET = 9.2;
				MTL_ENABLE_DEBUG_INFO = YES;
				ONLY_ACTIVE_ARCH = YES;
				SDKROOT = iphoneos;
				SWIFT_OPTIMIZATION_LEVEL = "-Onone";
			};
			name = Debug;
		};
		B918F1791C5F6040008712C1 /* Release */ = {
			isa = XCBuildConfiguration;
			buildSettings = {
				ALWAYS_SEARCH_USER_PATHS = NO;
				CLANG_CXX_LANGUAGE_STANDARD = "gnu++0x";
				CLANG_CXX_LIBRARY = "libc++";
				CLANG_ENABLE_MODULES = YES;
				CLANG_ENABLE_OBJC_ARC = YES;
				CLANG_WARN_BOOL_CONVERSION = YES;
				CLANG_WARN_CONSTANT_CONVERSION = YES;
				CLANG_WARN_DIRECT_OBJC_ISA_USAGE = YES_ERROR;
				CLANG_WARN_EMPTY_BODY = YES;
				CLANG_WARN_ENUM_CONVERSION = YES;
				CLANG_WARN_INT_CONVERSION = YES;
				CLANG_WARN_OBJC_ROOT_CLASS = YES_ERROR;
				CLANG_WARN_UNREACHABLE_CODE = YES;
				CLANG_WARN__DUPLICATE_METHOD_MATCH = YES;
				"CODE_SIGN_IDENTITY[sdk=iphoneos*]" = "iPhone Developer";
				COPY_PHASE_STRIP = NO;
				DEBUG_INFORMATION_FORMAT = "dwarf-with-dsym";
				ENABLE_NS_ASSERTIONS = NO;
				ENABLE_STRICT_OBJC_MSGSEND = YES;
				GCC_C_LANGUAGE_STANDARD = gnu99;
				GCC_NO_COMMON_BLOCKS = YES;
				GCC_WARN_64_TO_32_BIT_CONVERSION = YES;
				GCC_WARN_ABOUT_RETURN_TYPE = YES_ERROR;
				GCC_WARN_UNDECLARED_SELECTOR = YES;
				GCC_WARN_UNINITIALIZED_AUTOS = YES_AGGRESSIVE;
				GCC_WARN_UNUSED_FUNCTION = YES;
				GCC_WARN_UNUSED_VARIABLE = YES;
				IPHONEOS_DEPLOYMENT_TARGET = 9.2;
				MTL_ENABLE_DEBUG_INFO = NO;
				SDKROOT = iphoneos;
				VALIDATE_PRODUCT = YES;
			};
			name = Release;
		};
		B918F17B1C5F6040008712C1 /* Debug */ = {
			isa = XCBuildConfiguration;
			buildSettings = {
				ASSETCATALOG_COMPILER_APPICON_NAME = AppIcon;
				INFOPLIST_FILE = "Jot It Down/Info.plist";
				LD_RUNPATH_SEARCH_PATHS = "$(inherited) @executable_path/Frameworks";
				PRODUCT_BUNDLE_IDENTIFIER = "com.papapanda.Jot-It-Down";
				PRODUCT_NAME = "$(TARGET_NAME)";
			};
			name = Debug;
		};
		B918F17C1C5F6040008712C1 /* Release */ = {
			isa = XCBuildConfiguration;
			buildSettings = {
				ASSETCATALOG_COMPILER_APPICON_NAME = AppIcon;
				INFOPLIST_FILE = "Jot It Down/Info.plist";
				LD_RUNPATH_SEARCH_PATHS = "$(inherited) @executable_path/Frameworks";
				PRODUCT_BUNDLE_IDENTIFIER = "com.papapanda.Jot-It-Down";
				PRODUCT_NAME = "$(TARGET_NAME)";
			};
			name = Release;
		};
/* End XCBuildConfiguration section */

/* Begin XCConfigurationList section */
		B918F1631C5F6040008712C1 /* Build configuration list for PBXProject "Jot It Down" */ = {
			isa = XCConfigurationList;
			buildConfigurations = (
				B918F1781C5F6040008712C1 /* Debug */,
				B918F1791C5F6040008712C1 /* Release */,
			);
			defaultConfigurationIsVisible = 0;
			defaultConfigurationName = Release;
		};
		B918F17A1C5F6040008712C1 /* Build configuration list for PBXNativeTarget "Jot It Down" */ = {
			isa = XCConfigurationList;
			buildConfigurations = (
				B918F17B1C5F6040008712C1 /* Debug */,
				B918F17C1C5F6040008712C1 /* Release */,
			);
			defaultConfigurationIsVisible = 0;
			defaultConfigurationName = Release;
		};
/* End XCConfigurationList section */
	};
	rootObject = B918F1601C5F6040008712C1 /* Project object */;
}
